
Microsoft Visual Studio Solution File, Format Version 12.00
# Visual Studio 2013
VisualStudioVersion = 12.0.21005.1
MinimumVisualStudioVersion = 10.0.40219.1
Project("{FAE04EC0-301F-11D3-BF4B-00C04F79EFBC}") = "Db", "Db\Db.csproj", "{95DE8922-CF3F-435F-A0FF-E65288D52457}"
EndProject
Project("{FAE04EC0-301F-11D3-BF4B-00C04F79EFBC}") = "Test", "Test\Test.csproj", "{B7498535-D569-4881-8E73-9810805833BB}"
EndProject
Project("{FAE04EC0-301F-11D3-BF4B-00C04F79EFBC}") = "logic", "logic\logic.csproj", "{803A3D4A-A8D0-4208-95F2-C5B451E889E8}"
EndProject
Project("{FAE04EC0-301F-11D3-BF4B-00C04F79EFBC}") = "Data", "Data\Data.csproj", "{6D39D66F-9554-4AF6-8CC8-CA665AF117CD}"
EndProject
Global
	GlobalSection(SolutionConfigurationPlatforms) = preSolution
		Debug|Any CPU = Debug|Any CPU
		Release|Any CPU = Release|Any CPU
	EndGlobalSection
	GlobalSection(ProjectConfigurationPlatforms) = postSolution
		{95DE8922-CF3F-435F-A0FF-E65288D52457}.Debug|Any CPU.ActiveCfg = Debug|Any CPU
		{95DE8922-CF3F-435F-A0FF-E65288D52457}.Debug|Any CPU.Build.0 = Debug|Any CPU
		{95DE8922-CF3F-435F-A0FF-E65288D52457}.Release|Any CPU.ActiveCfg = Release|Any CPU
		{95DE8922-CF3F-435F-A0FF-E65288D52457}.Release|Any CPU.Build.0 = Release|Any CPU
		{B7498535-D569-4881-8E73-9810805833BB}.Debug|Any CPU.ActiveCfg = Debug|Any CPU
		{B7498535-D569-4881-8E73-9810805833BB}.Debug|Any CPU.Build.0 = Debug|Any CPU
		{B7498535-D569-4881-8E73-9810805833BB}.Release|Any CPU.ActiveCfg = Release|Any CPU
		{B7498535-D569-4881-8E73-9810805833BB}.Release|Any CPU.Build.0 = Release|Any CPU
		{803A3D4A-A8D0-4208-95F2-C5B451E889E8}.Debug|Any CPU.ActiveCfg = Debug|Any CPU
		{803A3D4A-A8D0-4208-95F2-C5B451E889E8}.Debug|Any CPU.Build.0 = Debug|Any CPU
		{803A3D4A-A8D0-4208-95F2-C5B451E889E8}.Release|Any CPU.ActiveCfg = Release|Any CPU
		{803A3D4A-A8D0-4208-95F2-C5B451E889E8}.Release|Any CPU.Build.0 = Release|Any CPU
		{6D39D66F-9554-4AF6-8CC8-CA665AF117CD}.Debug|Any CPU.ActiveCfg = Debug|Any CPU
		{6D39D66F-9554-4AF6-8CC8-CA665AF117CD}.Debug|Any CPU.Build.0 = Debug|Any CPU
		{6D39D66F-9554-4AF6-8CC8-CA665AF117CD}.Release|Any CPU.ActiveCfg = Release|Any CPU
		{6D39D66F-9554-4AF6-8CC8-CA665AF117CD}.Release|Any CPU.Build.0 = Release|Any CPU
	EndGlobalSection
	GlobalSection(SolutionProperties) = preSolution
		HideSolutionNode = FALSE
	EndGlobalSection
	GlobalSection(CodealikeProperties) = postSolution
		SolutionGuid = f82096e2-aa45-4767-8e0f-4f8847fb0e06
	EndGlobalSection
EndGlobal
